
Microsoft Visual Studio Solution File, Format Version 12.00
# Visual Studio Version 16
VisualStudioVersion = 16.0.33027.164
MinimumVisualStudioVersion = 10.0.40219.1
Project("{FAE04EC0-301F-11D3-BF4B-00C04F79EFBC}") = "ProjetoDS_JoaoLuiz", "ProjetoDS_JoaoLuiz\ProjetoDS_JoaoLuiz.csproj", "{2015F7E2-0D71-4F0F-96E3-148B9C0D99EB}"
EndProject
Global
	GlobalSection(SolutionConfigurationPlatforms) = preSolution
		Debug|Any CPU = Debug|Any CPU
		Release|Any CPU = Release|Any CPU
	EndGlobalSection
	GlobalSection(ProjectConfigurationPlatforms) = postSolution
		{2015F7E2-0D71-4F0F-96E3-148B9C0D99EB}.Debug|Any CPU.ActiveCfg = Debug|Any CPU
		{2015F7E2-0D71-4F0F-96E3-148B9C0D99EB}.Debug|Any CPU.Build.0 = Debug|Any CPU
		{2015F7E2-0D71-4F0F-96E3-148B9C0D99EB}.Release|Any CPU.ActiveCfg = Release|Any CPU
		{2015F7E2-0D71-4F0F-96E3-148B9C0D99EB}.Release|Any CPU.Build.0 = Release|Any CPU
	EndGlobalSection
	GlobalSection(SolutionProperties) = preSolution
		HideSolutionNode = FALSE
	EndGlobalSection
	GlobalSection(ExtensibilityGlobals) = postSolution
		SolutionGuid = {E56931EA-D15A-49E1-96F8-CA9FF3DC5775}
	EndGlobalSection
EndGlobal
